
Microsoft Visual Studio Solution File, Format Version 12.00
# Visual Studio 15
VisualStudioVersion = 15.0.27703.2042
MinimumVisualStudioVersion = 10.0.40219.1
Project("{8BC9CEB8-8B4A-11D0-8D11-00A0C91BC942}") = "electrodeflaw", "electrodeflaw\electrodeflaw.vcxproj", "{CA961CA4-1730-471D-B672-E1CD4DAF4EEA}"
EndProject
Global
	GlobalSection(SolutionConfigurationPlatforms) = preSolution
		Debug|x64 = Debug|x64
		Debug|x86 = Debug|x86
		Release|x64 = Release|x64
		Release|x86 = Release|x86
	EndGlobalSection
	GlobalSection(ProjectConfigurationPlatforms) = postSolution
		{CA961CA4-1730-471D-B672-E1CD4DAF4EEA}.Debug|x64.ActiveCfg = Debug|x64
		{CA961CA4-1730-471D-B672-E1CD4DAF4EEA}.Debug|x64.Build.0 = Debug|x64
		{CA961CA4-1730-471D-B672-E1CD4DAF4EEA}.Debug|x86.ActiveCfg = Debug|Win32
		{CA961CA4-1730-471D-B672-E1CD4DAF4EEA}.Debug|x86.Build.0 = Debug|Win32
		{CA961CA4-1730-471D-B672-E1CD4DAF4EEA}.Release|x64.ActiveCfg = Release|x64
		{CA961CA4-1730-471D-B672-E1CD4DAF4EEA}.Release|x64.Build.0 = Release|x64
		{CA961CA4-1730-471D-B672-E1CD4DAF4EEA}.Release|x86.ActiveCfg = Release|Win32
		{CA961CA4-1730-471D-B672-E1CD4DAF4EEA}.Release|x86.Build.0 = Release|Win32
	EndGlobalSection
	GlobalSection(SolutionProperties) = preSolution
		HideSolutionNode = FALSE
	EndGlobalSection
	GlobalSection(ExtensibilityGlobals) = postSolution
		SolutionGuid = {B650B380-E498-4DCB-9786-2D80F049DDD1}
	EndGlobalSection
EndGlobal
